// !$*UTF8*$!
{
	archiveVersion = 1;
	classes = {
	};
	objectVersion = 46;
	objects = {

/* Begin PBXBuildFile section */
		94B6D62E1F13F8B10044B90B /* PostCell.swift in Sources */ = {isa = PBXBuildFile; fileRef = 94B6D62D1F13F8B10044B90B /* PostCell.swift */; };
		94B6D6301F1405450044B90B /* NewPostViewController.swift in Sources */ = {isa = PBXBuildFile; fileRef = 94B6D62F1F1405450044B90B /* NewPostViewController.swift */; };
		94F67A0D1F13EA4300D44331 /* AppDelegate.swift in Sources */ = {isa = PBXBuildFile; fileRef = 94F67A0C1F13EA4300D44331 /* AppDelegate.swift */; };
		94F67A0F1F13EA4300D44331 /* MasterViewController.swift in Sources */ = {isa = PBXBuildFile; fileRef = 94F67A0E1F13EA4300D44331 /* MasterViewController.swift */; };
		94F67A111F13EA4300D44331 /* DetailViewController.swift in Sources */ = {isa = PBXBuildFile; fileRef = 94F67A101F13EA4300D44331 /* DetailViewController.swift */; };
		94F67A141F13EA4300D44331 /* Main.storyboard in Resources */ = {isa = PBXBuildFile; fileRef = 94F67A121F13EA4300D44331 /* Main.storyboard */; };
		94F67A161F13EA4300D44331 /* Assets.xcassets in Resources */ = {isa = PBXBuildFile; fileRef = 94F67A151F13EA4300D44331 /* Assets.xcassets */; };
		94F67A191F13EA4300D44331 /* LaunchScreen.storyboard in Resources */ = {isa = PBXBuildFile; fileRef = 94F67A171F13EA4300D44331 /* LaunchScreen.storyboard */; };
		94F67A211F13EDCF00D44331 /* Post.swift in Sources */ = {isa = PBXBuildFile; fileRef = 94F67A201F13EDCF00D44331 /* Post.swift */; };
		94F67A231F13EE9100D44331 /* SampleDate.swift in Sources */ = {isa = PBXBuildFile; fileRef = 94F67A221F13EE9100D44331 /* SampleDate.swift */; };
/* End PBXBuildFile section */

/* Begin PBXFileReference section */
		94B6D62D1F13F8B10044B90B /* PostCell.swift */ = {isa = PBXFileReference; fileEncoding = 4; lastKnownFileType = sourcecode.swift; path = PostCell.swift; sourceTree = "<group>"; };
		94B6D62F1F1405450044B90B /* NewPostViewController.swift */ = {isa = PBXFileReference; fileEncoding = 4; lastKnownFileType = sourcecode.swift; name = NewPostViewController.swift; path = ../NewPostViewController.swift; sourceTree = "<group>"; };
		94F67A091F13EA4300D44331 /* ChatterBox.app */ = {isa = PBXFileReference; explicitFileType = wrapper.application; includeInIndex = 0; path = ChatterBox.app; sourceTree = BUILT_PRODUCTS_DIR; };
		94F67A0C1F13EA4300D44331 /* AppDelegate.swift */ = {isa = PBXFileReference; lastKnownFileType = sourcecode.swift; path = AppDelegate.swift; sourceTree = "<group>"; };
		94F67A0E1F13EA4300D44331 /* MasterViewController.swift */ = {isa = PBXFileReference; lastKnownFileType = sourcecode.swift; path = MasterViewController.swift; sourceTree = "<group>"; };
		94F67A101F13EA4300D44331 /* DetailViewController.swift */ = {isa = PBXFileReference; lastKnownFileType = sourcecode.swift; path = DetailViewController.swift; sourceTree = "<group>"; };
		94F67A131F13EA4300D44331 /* Base */ = {isa = PBXFileReference; lastKnownFileType = file.storyboard; name = Base; path = Base.lproj/Main.storyboard; sourceTree = "<group>"; };
		94F67A151F13EA4300D44331 /* Assets.xcassets */ = {isa = PBXFileReference; lastKnownFileType = folder.assetcatalog; path = Assets.xcassets; sourceTree = "<group>"; };
		94F67A181F13EA4300D44331 /* Base */ = {isa = PBXFileReference; lastKnownFileType = file.storyboard; name = Base; path = Base.lproj/LaunchScreen.storyboard; sourceTree = "<group>"; };
		94F67A1A1F13EA4300D44331 /* Info.plist */ = {isa = PBXFileReference; lastKnownFileType = text.plist.xml; path = Info.plist; sourceTree = "<group>"; };
		94F67A201F13EDCF00D44331 /* Post.swift */ = {isa = PBXFileReference; fileEncoding = 4; lastKnownFileType = sourcecode.swift; path = Post.swift; sourceTree = "<group>"; };
		94F67A221F13EE9100D44331 /* SampleDate.swift */ = {isa = PBXFileReference; fileEncoding = 4; lastKnownFileType = sourcecode.swift; path = SampleDate.swift; sourceTree = "<group>"; };
/* End PBXFileReference section */

/* Begin PBXFrameworksBuildPhase section */
		94F67A061F13EA4300D44331 /* Frameworks */ = {
			isa = PBXFrameworksBuildPhase;
			buildActionMask = 2147483647;
			files = (
			);
			runOnlyForDeploymentPostprocessing = 0;
		};
/* End PBXFrameworksBuildPhase section */

/* Begin PBXGroup section */
		94F67A001F13EA4300D44331 = {
			isa = PBXGroup;
			children = (
				94F67A0B1F13EA4300D44331 /* ChatterBox */,
				94F67A0A1F13EA4300D44331 /* Products */,
			);
			sourceTree = "<group>";
		};
		94F67A0A1F13EA4300D44331 /* Products */ = {
			isa = PBXGroup;
			children = (
				94F67A091F13EA4300D44331 /* ChatterBox.app */,
			);
			name = Products;
			sourceTree = "<group>";
		};
		94F67A0B1F13EA4300D44331 /* ChatterBox */ = {
			isa = PBXGroup;
			children = (
				94B6D62F1F1405450044B90B /* NewPostViewController.swift */,
				94F67A0C1F13EA4300D44331 /* AppDelegate.swift */,
				94F67A0E1F13EA4300D44331 /* MasterViewController.swift */,
				94F67A101F13EA4300D44331 /* DetailViewController.swift */,
				94F67A121F13EA4300D44331 /* Main.storyboard */,
				94F67A201F13EDCF00D44331 /* Post.swift */,
				94F67A221F13EE9100D44331 /* SampleDate.swift */,
				94F67A151F13EA4300D44331 /* Assets.xcassets */,
				94F67A171F13EA4300D44331 /* LaunchScreen.storyboard */,
				94F67A1A1F13EA4300D44331 /* Info.plist */,
				94B6D62D1F13F8B10044B90B /* PostCell.swift */,
			);
			path = ChatterBox;
			sourceTree = "<group>";
		};
/* End PBXGroup section */

/* Begin PBXNativeTarget section */
		94F67A081F13EA4300D44331 /* ChatterBox */ = {
			isa = PBXNativeTarget;
			buildConfigurationList = 94F67A1D1F13EA4300D44331 /* Build configuration list for PBXNativeTarget "ChatterBox" */;
			buildPhases = (
				94F67A051F13EA4300D44331 /* Sources */,
				94F67A061F13EA4300D44331 /* Frameworks */,
				94F67A071F13EA4300D44331 /* Resources */,
			);
			buildRules = (
			);
			dependencies = (
			);
			name = ChatterBox;
			productName = ChatterBox;
			productReference = 94F67A091F13EA4300D44331 /* ChatterBox.app */;
			productType = "com.apple.product-type.application";
		};
/* End PBXNativeTarget section */

/* Begin PBXProject section */
		94F67A011F13EA4300D44331 /* Project object */ = {
			isa = PBXProject;
			attributes = {
				LastSwiftUpdateCheck = 0830;
				LastUpgradeCheck = 0830;
				ORGANIZATIONNAME = iDTech;
				TargetAttributes = {
					94F67A081F13EA4300D44331 = {
						CreatedOnToolsVersion = 8.3.3;
						DevelopmentTeam = WYWYSA3Z69;
						ProvisioningStyle = Automatic;
					};
				};
			};
			buildConfigurationList = 94F67A041F13EA4300D44331 /* Build configuration list for PBXProject "ChatterBox" */;
			compatibilityVersion = "Xcode 3.2";
			developmentRegion = English;
			hasScannedForEncodings = 0;
			knownRegions = (
				en,
				Base,
			);
			mainGroup = 94F67A001F13EA4300D44331;
			productRefGroup = 94F67A0A1F13EA4300D44331 /* Products */;
			projectDirPath = "";
			projectRoot = "";
			targets = (
				94F67A081F13EA4300D44331 /* ChatterBox */,
			);
		};
/* End PBXProject section */

/* Begin PBXResourcesBuildPhase section */
		94F67A071F13EA4300D44331 /* Resources */ = {
			isa = PBXResourcesBuildPhase;
			buildActionMask = 2147483647;
			files = (
				94F67A191F13EA4300D44331 /* LaunchScreen.storyboard in Resources */,
				94F67A161F13EA4300D44331 /* Assets.xcassets in Resources */,
				94F67A141F13EA4300D44331 /* Main.storyboard in Resources */,
			);
			runOnlyForDeploymentPostprocessing = 0;
		};
/* End PBXResourcesBuildPhase section */

/* Begin PBXSourcesBuildPhase section */
		94F67A051F13EA4300D44331 /* Sources */ = {
			isa = PBXSourcesBuildPhase;
			buildActionMask = 2147483647;
			files = (
				94F67A111F13EA4300D44331 /* DetailViewController.swift in Sources */,
				94F67A0F1F13EA4300D44331 /* MasterViewController.swift in Sources */,
				94F67A0D1F13EA4300D44331 /* AppDelegate.swift in Sources */,
				94B6D6301F1405450044B90B /* NewPostViewController.swift in Sources */,
				94F67A231F13EE9100D44331 /* SampleDate.swift in Sources */,
				94F67A211F13EDCF00D44331 /* Post.swift in Sources */,
				94B6D62E1F13F8B10044B90B /* PostCell.swift in Sources */,
			);
			runOnlyForDeploymentPostprocessing = 0;
		};
/* End PBXSourcesBuildPhase section */

/* Begin PBXVariantGroup section */
		94F67A121F13EA4300D44331 /* Main.storyboard */ = {
			isa = PBXVariantGroup;
			children = (
				94F67A131F13EA4300D44331 /* Base */,
			);
			name = Main.storyboard;
			sourceTree = "<group>";
		};
		94F67A171F13EA4300D44331 /* LaunchScreen.storyboard */ = {
			isa = PBXVariantGroup;
			children = (
				94F67A181F13EA4300D44331 /* Base */,
			);
			name = LaunchScreen.storyboard;
			sourceTree = "<group>";
		};
/* End PBXVariantGroup section */

/* Begin XCBuildConfiguration section */
		94F67A1B1F13EA4300D44331 /* Debug */ = {
			isa = XCBuildConfiguration;
			buildSettings = {
				ALWAYS_SEARCH_USER_PATHS = NO;
				CLANG_ANALYZER_NONNULL = YES;
				CLANG_ANALYZER_NUMBER_OBJECT_CONVERSION = YES_AGGRESSIVE;
				CLANG_CXX_LANGUAGE_STANDARD = "gnu++0x";
				CLANG_CXX_LIBRARY = "libc++";
				CLANG_ENABLE_MODULES = YES;
				CLANG_ENABLE_OBJC_ARC = YES;
				CLANG_WARN_BOOL_CONVERSION = YES;
				CLANG_WARN_CONSTANT_CONVERSION = YES;
				CLANG_WARN_DIRECT_OBJC_ISA_USAGE = YES_ERROR;
				CLANG_WARN_DOCUMENTATION_COMMENTS = YES;
				CLANG_WARN_EMPTY_BODY = YES;
				CLANG_WARN_ENUM_CONVERSION = YES;
				CLANG_WARN_INFINITE_RECURSION = YES;
				CLANG_WARN_INT_CONVERSION = YES;
				CLANG_WARN_OBJC_ROOT_CLASS = YES_ERROR;
				CLANG_WARN_SUSPICIOUS_MOVE = YES;
				CLANG_WARN_UNREACHABLE_CODE = YES;
				CLANG_WARN__DUPLICATE_METHOD_MATCH = YES;
				"CODE_SIGN_IDENTITY[sdk=iphoneos*]" = "iPhone Developer";
				COPY_PHASE_STRIP = NO;
				DEBUG_INFORMATION_FORMAT = dwarf;
				ENABLE_STRICT_OBJC_MSGSEND = YES;
				ENABLE_TESTABILITY = YES;
				GCC_C_LANGUAGE_STANDARD = gnu99;
				GCC_DYNAMIC_NO_PIC = NO;
				GCC_NO_COMMON_BLOCKS = YES;
				GCC_OPTIMIZATION_LEVEL = 0;
				GCC_PREPROCESSOR_DEFINITIONS = (
					"DEBUG=1",
					"$(inherited)",
				);
				GCC_WARN_64_TO_32_BIT_CONVERSION = YES;
				GCC_WARN_ABOUT_RETURN_TYPE = YES_ERROR;
				GCC_WARN_UNDECLARED_SELECTOR = YES;
				GCC_WARN_UNINITIALIZED_AUTOS = YES_AGGRESSIVE;
				GCC_WARN_UNUSED_FUNCTION = YES;
				GCC_WARN_UNUSED_VARIABLE = YES;
				IPHONEOS_DEPLOYMENT_TARGET = 10.3;
				MTL_ENABLE_DEBUG_INFO = YES;
				ONLY_ACTIVE_ARCH = YES;
				SDKROOT = iphoneos;
				SWIFT_ACTIVE_COMPILATION_CONDITIONS = DEBUG;
				SWIFT_OPTIMIZATION_LEVEL = "-Onone";
			};
			name = Debug;
		};
		94F67A1C1F13EA4300D44331 /* Release */ = {
			isa = XCBuildConfiguration;
			buildSettings = {
				ALWAYS_SEARCH_USER_PATHS = NO;
				CLANG_ANALYZER_NONNULL = YES;
				CLANG_ANALYZER_NUMBER_OBJECT_CONVERSION = YES_AGGRESSIVE;
				CLANG_CXX_LANGUAGE_STANDARD = "gnu++0x";
				CLANG_CXX_LIBRARY = "libc++";
				CLANG_ENABLE_MODULES = YES;
				CLANG_ENABLE_OBJC_ARC = YES;
				CLANG_WARN_BOOL_CONVERSION = YES;
				CLANG_WARN_CONSTANT_CONVERSION = YES;
				CLANG_WARN_DIRECT_OBJC_ISA_USAGE = YES_ERROR;
				CLANG_WARN_DOCUMENTATION_COMMENTS = YES;
				CLANG_WARN_EMPTY_BODY = YES;
				CLANG_WARN_ENUM_CONVERSION = YES;
				CLANG_WARN_INFINITE_RECURSION = YES;
				CLANG_WARN_INT_CONVERSION = YES;
				CLANG_WARN_OBJC_ROOT_CLASS = YES_ERROR;
				CLANG_WARN_SUSPICIOUS_MOVE = YES;
				CLANG_WARN_UNREACHABLE_CODE = YES;
				CLANG_WARN__DUPLICATE_METHOD_MATCH = YES;
				"CODE_SIGN_IDENTITY[sdk=iphoneos*]" = "iPhone Developer";
				COPY_PHASE_STRIP = NO;
				DEBUG_INFORMATION_FORMAT = "dwarf-with-dsym";
				ENABLE_NS_ASSERTIONS = NO;
				ENABLE_STRICT_OBJC_MSGSEND = YES;
				GCC_C_LANGUAGE_STANDARD = gnu99;
				GCC_NO_COMMON_BLOCKS = YES;
				GCC_WARN_64_TO_32_BIT_CONVERSION = YES;
				GCC_WARN_ABOUT_RETURN_TYPE = YES_ERROR;
				GCC_WARN_UNDECLARED_SELECTOR = YES;
				GCC_WARN_UNINITIALIZED_AUTOS = YES_AGGRESSIVE;
				GCC_WARN_UNUSED_FUNCTION = YES;
				GCC_WARN_UNUSED_VARIABLE = YES;
				IPHONEOS_DEPLOYMENT_TARGET = 10.3;
				MTL_ENABLE_DEBUG_INFO = NO;
				SDKROOT = iphoneos;
				SWIFT_OPTIMIZATION_LEVEL = "-Owholemodule";
				VALIDATE_PRODUCT = YES;
			};
			name = Release;
		};
		94F67A1E1F13EA4300D44331 /* Debug */ = {
			isa = XCBuildConfiguration;
			buildSettings = {
				ASSETCATALOG_COMPILER_APPICON_NAME = AppIcon;
				DEVELOPMENT_TEAM = WYWYSA3Z69;
				INFOPLIST_FILE = ChatterBox/Info.plist;
				LD_RUNPATH_SEARCH_PATHS = "$(inherited) @executable_path/Frameworks";
				PRODUCT_BUNDLE_IDENTIFIER = com.iDTech.ChatterBox;
				PRODUCT_NAME = "$(TARGET_NAME)";
				SWIFT_VERSION = 3.0;
			};
			name = Debug;
		};
		94F67A1F1F13EA4300D44331 /* Release */ = {
			isa = XCBuildConfiguration;
			buildSettings = {
				ASSETCATALOG_COMPILER_APPICON_NAME = AppIcon;
				DEVELOPMENT_TEAM = WYWYSA3Z69;
				INFOPLIST_FILE = ChatterBox/Info.plist;
				LD_RUNPATH_SEARCH_PATHS = "$(inherited) @executable_path/Frameworks";
				PRODUCT_BUNDLE_IDENTIFIER = com.iDTech.ChatterBox;
				PRODUCT_NAME = "$(TARGET_NAME)";
				SWIFT_VERSION = 3.0;
			};
			name = Release;
		};
/* End XCBuildConfiguration section */

/* Begin XCConfigurationList section */
		94F67A041F13EA4300D44331 /* Build configuration list for PBXProject "ChatterBox" */ = {
			isa = XCConfigurationList;
			buildConfigurations = (
				94F67A1B1F13EA4300D44331 /* Debug */,
				94F67A1C1F13EA4300D44331 /* Release */,
			);
			defaultConfigurationIsVisible = 0;
			defaultConfigurationName = Release;
		};
		94F67A1D1F13EA4300D44331 /* Build configuration list for PBXNativeTarget "ChatterBox" */ = {
			isa = XCConfigurationList;
			buildConfigurations = (
				94F67A1E1F13EA4300D44331 /* Debug */,
				94F67A1F1F13EA4300D44331 /* Release */,
			);
			defaultConfigurationIsVisible = 0;
			defaultConfigurationName = Release;
		};
/* End XCConfigurationList section */
	};
	rootObject = 94F67A011F13EA4300D44331 /* Project object */;
}
